
Microsoft Visual Studio Solution File, Format Version 12.00
# Visual Studio Version 16
VisualStudioVersion = 16.0.29306.81
MinimumVisualStudioVersion = 10.0.40219.1
Project("{FAE04EC0-301F-11D3-BF4B-00C04F79EFBC}") = "winFormsDataGrid", "winFormsDataGrid.csproj", "{FFE0D4D4-4E94-4BF5-826C-2B3FA91753A4}"
EndProject
Global
	GlobalSection(SolutionConfigurationPlatforms) = preSolution
		Debug|Any CPU = Debug|Any CPU
		Release|Any CPU = Release|Any CPU
	EndGlobalSection
	GlobalSection(ProjectConfigurationPlatforms) = postSolution
		{FFE0D4D4-4E94-4BF5-826C-2B3FA91753A4}.Debug|Any CPU.ActiveCfg = Debug|Any CPU
		{FFE0D4D4-4E94-4BF5-826C-2B3FA91753A4}.Debug|Any CPU.Build.0 = Debug|Any CPU
		{FFE0D4D4-4E94-4BF5-826C-2B3FA91753A4}.Release|Any CPU.ActiveCfg = Release|Any CPU
		{FFE0D4D4-4E94-4BF5-826C-2B3FA91753A4}.Release|Any CPU.Build.0 = Release|Any CPU
	EndGlobalSection
	GlobalSection(SolutionProperties) = preSolution
		HideSolutionNode = FALSE
	EndGlobalSection
	GlobalSection(ExtensibilityGlobals) = postSolution
		SolutionGuid = {8B2660CE-1E6F-4D7D-A04D-5F90D4B00F22}
	EndGlobalSection
EndGlobal
